// !$*UTF8*$!
{
	archiveVersion = 1;
	classes = {
	};
	objectVersion = 46;
	objects = {

/* Begin PBXBuildFile section */
		236C7824191A5E29004B4FBF /* Foundation.framework in Frameworks */ = {isa = PBXBuildFile; fileRef = 236C7823191A5E29004B4FBF /* Foundation.framework */; };
		236C7826191A5E29004B4FBF /* CoreGraphics.framework in Frameworks */ = {isa = PBXBuildFile; fileRef = 236C7825191A5E29004B4FBF /* CoreGraphics.framework */; };
		236C7828191A5E29004B4FBF /* UIKit.framework in Frameworks */ = {isa = PBXBuildFile; fileRef = 236C7827191A5E29004B4FBF /* UIKit.framework */; };
		236C782E191A5E29004B4FBF /* InfoPlist.strings in Resources */ = {isa = PBXBuildFile; fileRef = 236C782C191A5E29004B4FBF /* InfoPlist.strings */; };
		236C7830191A5E29004B4FBF /* main.m in Sources */ = {isa = PBXBuildFile; fileRef = 236C782F191A5E29004B4FBF /* main.m */; };
		236C7834191A5E29004B4FBF /* AppDelegate.m in Sources */ = {isa = PBXBuildFile; fileRef = 236C7833191A5E29004B4FBF /* AppDelegate.m */; };
		236C7837191A5E29004B4FBF /* Main.storyboard in Resources */ = {isa = PBXBuildFile; fileRef = 236C7835191A5E29004B4FBF /* Main.storyboard */; };
		236C783A191A5E29004B4FBF /* ViewController.m in Sources */ = {isa = PBXBuildFile; fileRef = 236C7839191A5E29004B4FBF /* ViewController.m */; };
		236C783C191A5E29004B4FBF /* Images.xcassets in Resources */ = {isa = PBXBuildFile; fileRef = 236C783B191A5E29004B4FBF /* Images.xcassets */; };
		236C7843191A5E29004B4FBF /* XCTest.framework in Frameworks */ = {isa = PBXBuildFile; fileRef = 236C7842191A5E29004B4FBF /* XCTest.framework */; };
		236C7844191A5E29004B4FBF /* Foundation.framework in Frameworks */ = {isa = PBXBuildFile; fileRef = 236C7823191A5E29004B4FBF /* Foundation.framework */; };
		236C7845191A5E29004B4FBF /* UIKit.framework in Frameworks */ = {isa = PBXBuildFile; fileRef = 236C7827191A5E29004B4FBF /* UIKit.framework */; };
		236C784D191A5E29004B4FBF /* InfoPlist.strings in Resources */ = {isa = PBXBuildFile; fileRef = 236C784B191A5E29004B4FBF /* InfoPlist.strings */; };
		236C784F191A5E29004B4FBF /* iosDicTests.m in Sources */ = {isa = PBXBuildFile; fileRef = 236C784E191A5E29004B4FBF /* iosDicTests.m */; };
/* End PBXBuildFile section */

/* Begin PBXContainerItemProxy section */
		236C7846191A5E29004B4FBF /* PBXContainerItemProxy */ = {
			isa = PBXContainerItemProxy;
			containerPortal = 236C7818191A5E29004B4FBF /* Project object */;
			proxyType = 1;
			remoteGlobalIDString = 236C781F191A5E29004B4FBF;
			remoteInfo = iosDic;
		};
/* End PBXContainerItemProxy section */

/* Begin PBXFileReference section */
		236C7820191A5E29004B4FBF /* iosDic.app */ = {isa = PBXFileReference; explicitFileType = wrapper.application; includeInIndex = 0; path = iosDic.app; sourceTree = BUILT_PRODUCTS_DIR; };
		236C7823191A5E29004B4FBF /* Foundation.framework */ = {isa = PBXFileReference; lastKnownFileType = wrapper.framework; name = Foundation.framework; path = System/Library/Frameworks/Foundation.framework; sourceTree = SDKROOT; };
		236C7825191A5E29004B4FBF /* CoreGraphics.framework */ = {isa = PBXFileReference; lastKnownFileType = wrapper.framework; name = CoreGraphics.framework; path = System/Library/Frameworks/CoreGraphics.framework; sourceTree = SDKROOT; };
		236C7827191A5E29004B4FBF /* UIKit.framework */ = {isa = PBXFileReference; lastKnownFileType = wrapper.framework; name = UIKit.framework; path = System/Library/Frameworks/UIKit.framework; sourceTree = SDKROOT; };
		236C782B191A5E29004B4FBF /* iosDic-Info.plist */ = {isa = PBXFileReference; lastKnownFileType = text.plist.xml; path = "iosDic-Info.plist"; sourceTree = "<group>"; };
		236C782D191A5E29004B4FBF /* en */ = {isa = PBXFileReference; lastKnownFileType = text.plist.strings; name = en; path = en.lproj/InfoPlist.strings; sourceTree = "<group>"; };
		236C782F191A5E29004B4FBF /* main.m */ = {isa = PBXFileReference; lastKnownFileType = sourcecode.c.objc; path = main.m; sourceTree = "<group>"; };
		236C7831191A5E29004B4FBF /* iosDic-Prefix.pch */ = {isa = PBXFileReference; lastKnownFileType = sourcecode.c.h; path = "iosDic-Prefix.pch"; sourceTree = "<group>"; };
		236C7832191A5E29004B4FBF /* AppDelegate.h */ = {isa = PBXFileReference; lastKnownFileType = sourcecode.c.h; path = AppDelegate.h; sourceTree = "<group>"; };
		236C7833191A5E29004B4FBF /* AppDelegate.m */ = {isa = PBXFileReference; lastKnownFileType = sourcecode.c.objc; path = AppDelegate.m; sourceTree = "<group>"; };
		236C7836191A5E29004B4FBF /* Base */ = {isa = PBXFileReference; lastKnownFileType = file.storyboard; name = Base; path = Base.lproj/Main.storyboard; sourceTree = "<group>"; };
		236C7838191A5E29004B4FBF /* ViewController.h */ = {isa = PBXFileReference; lastKnownFileType = sourcecode.c.h; path = ViewController.h; sourceTree = "<group>"; };
		236C7839191A5E29004B4FBF /* ViewController.m */ = {isa = PBXFileReference; lastKnownFileType = sourcecode.c.objc; path = ViewController.m; sourceTree = "<group>"; };
		236C783B191A5E29004B4FBF /* Images.xcassets */ = {isa = PBXFileReference; lastKnownFileType = folder.assetcatalog; path = Images.xcassets; sourceTree = "<group>"; };
		236C7841191A5E29004B4FBF /* iosDicTests.xctest */ = {isa = PBXFileReference; explicitFileType = wrapper.cfbundle; includeInIndex = 0; path = iosDicTests.xctest; sourceTree = BUILT_PRODUCTS_DIR; };
		236C7842191A5E29004B4FBF /* XCTest.framework */ = {isa = PBXFileReference; lastKnownFileType = wrapper.framework; name = XCTest.framework; path = Library/Frameworks/XCTest.framework; sourceTree = DEVELOPER_DIR; };
		236C784A191A5E29004B4FBF /* iosDicTests-Info.plist */ = {isa = PBXFileReference; lastKnownFileType = text.plist.xml; path = "iosDicTests-Info.plist"; sourceTree = "<group>"; };
		236C784C191A5E29004B4FBF /* en */ = {isa = PBXFileReference; lastKnownFileType = text.plist.strings; name = en; path = en.lproj/InfoPlist.strings; sourceTree = "<group>"; };
		236C784E191A5E29004B4FBF /* iosDicTests.m */ = {isa = PBXFileReference; lastKnownFileType = sourcecode.c.objc; path = iosDicTests.m; sourceTree = "<group>"; };
/* End PBXFileReference section */

/* Begin PBXFrameworksBuildPhase section */
		236C781D191A5E29004B4FBF /* Frameworks */ = {
			isa = PBXFrameworksBuildPhase;
			buildActionMask = 2147483647;
			files = (
				236C7826191A5E29004B4FBF /* CoreGraphics.framework in Frameworks */,
				236C7828191A5E29004B4FBF /* UIKit.framework in Frameworks */,
				236C7824191A5E29004B4FBF /* Foundation.framework in Frameworks */,
			);
			runOnlyForDeploymentPostprocessing = 0;
		};
		236C783E191A5E29004B4FBF /* Frameworks */ = {
			isa = PBXFrameworksBuildPhase;
			buildActionMask = 2147483647;
			files = (
				236C7843191A5E29004B4FBF /* XCTest.framework in Frameworks */,
				236C7845191A5E29004B4FBF /* UIKit.framework in Frameworks */,
				236C7844191A5E29004B4FBF /* Foundation.framework in Frameworks */,
			);
			runOnlyForDeploymentPostprocessing = 0;
		};
/* End PBXFrameworksBuildPhase section */

/* Begin PBXGroup section */
		236C7817191A5E29004B4FBF = {
			isa = PBXGroup;
			children = (
				236C7829191A5E29004B4FBF /* iosDic */,
				236C7848191A5E29004B4FBF /* iosDicTests */,
				236C7822191A5E29004B4FBF /* Frameworks */,
				236C7821191A5E29004B4FBF /* Products */,
			);
			sourceTree = "<group>";
		};
		236C7821191A5E29004B4FBF /* Products */ = {
			isa = PBXGroup;
			children = (
				236C7820191A5E29004B4FBF /* iosDic.app */,
				236C7841191A5E29004B4FBF /* iosDicTests.xctest */,
			);
			name = Products;
			sourceTree = "<group>";
		};
		236C7822191A5E29004B4FBF /* Frameworks */ = {
			isa = PBXGroup;
			children = (
				236C7823191A5E29004B4FBF /* Foundation.framework */,
				236C7825191A5E29004B4FBF /* CoreGraphics.framework */,
				236C7827191A5E29004B4FBF /* UIKit.framework */,
				236C7842191A5E29004B4FBF /* XCTest.framework */,
			);
			name = Frameworks;
			sourceTree = "<group>";
		};
		236C7829191A5E29004B4FBF /* iosDic */ = {
			isa = PBXGroup;
			children = (
				236C7832191A5E29004B4FBF /* AppDelegate.h */,
				236C7833191A5E29004B4FBF /* AppDelegate.m */,
				236C7835191A5E29004B4FBF /* Main.storyboard */,
				236C7838191A5E29004B4FBF /* ViewController.h */,
				236C7839191A5E29004B4FBF /* ViewController.m */,
				236C783B191A5E29004B4FBF /* Images.xcassets */,
				236C782A191A5E29004B4FBF /* Supporting Files */,
			);
			path = iosDic;
			sourceTree = "<group>";
		};
		236C782A191A5E29004B4FBF /* Supporting Files */ = {
			isa = PBXGroup;
			children = (
				236C782B191A5E29004B4FBF /* iosDic-Info.plist */,
				236C782C191A5E29004B4FBF /* InfoPlist.strings */,
				236C782F191A5E29004B4FBF /* main.m */,
				236C7831191A5E29004B4FBF /* iosDic-Prefix.pch */,
			);
			name = "Supporting Files";
			sourceTree = "<group>";
		};
		236C7848191A5E29004B4FBF /* iosDicTests */ = {
			isa = PBXGroup;
			children = (
				236C784E191A5E29004B4FBF /* iosDicTests.m */,
				236C7849191A5E29004B4FBF /* Supporting Files */,
			);
			path = iosDicTests;
			sourceTree = "<group>";
		};
		236C7849191A5E29004B4FBF /* Supporting Files */ = {
			isa = PBXGroup;
			children = (
				236C784A191A5E29004B4FBF /* iosDicTests-Info.plist */,
				236C784B191A5E29004B4FBF /* InfoPlist.strings */,
			);
			name = "Supporting Files";
			sourceTree = "<group>";
		};
/* End PBXGroup section */

/* Begin PBXNativeTarget section */
		236C781F191A5E29004B4FBF /* iosDic */ = {
			isa = PBXNativeTarget;
			buildConfigurationList = 236C7852191A5E29004B4FBF /* Build configuration list for PBXNativeTarget "iosDic" */;
			buildPhases = (
				236C781C191A5E29004B4FBF /* Sources */,
				236C781D191A5E29004B4FBF /* Frameworks */,
				236C781E191A5E29004B4FBF /* Resources */,
			);
			buildRules = (
			);
			dependencies = (
			);
			name = iosDic;
			productName = iosDic;
			productReference = 236C7820191A5E29004B4FBF /* iosDic.app */;
			productType = "com.apple.product-type.application";
		};
		236C7840191A5E29004B4FBF /* iosDicTests */ = {
			isa = PBXNativeTarget;
			buildConfigurationList = 236C7855191A5E29004B4FBF /* Build configuration list for PBXNativeTarget "iosDicTests" */;
			buildPhases = (
				236C783D191A5E29004B4FBF /* Sources */,
				236C783E191A5E29004B4FBF /* Frameworks */,
				236C783F191A5E29004B4FBF /* Resources */,
			);
			buildRules = (
			);
			dependencies = (
				236C7847191A5E29004B4FBF /* PBXTargetDependency */,
			);
			name = iosDicTests;
			productName = iosDicTests;
			productReference = 236C7841191A5E29004B4FBF /* iosDicTests.xctest */;
			productType = "com.apple.product-type.bundle.unit-test";
		};
/* End PBXNativeTarget section */

/* Begin PBXProject section */
		236C7818191A5E29004B4FBF /* Project object */ = {
			isa = PBXProject;
			attributes = {
				LastUpgradeCheck = 0510;
				ORGANIZATIONNAME = "___FULLUSERNAME___";
				TargetAttributes = {
					236C7840191A5E29004B4FBF = {
						TestTargetID = 236C781F191A5E29004B4FBF;
					};
				};
			};
			buildConfigurationList = 236C781B191A5E29004B4FBF /* Build configuration list for PBXProject "iosDic" */;
			compatibilityVersion = "Xcode 3.2";
			developmentRegion = English;
			hasScannedForEncodings = 0;
			knownRegions = (
				en,
				Base,
			);
			mainGroup = 236C7817191A5E29004B4FBF;
			productRefGroup = 236C7821191A5E29004B4FBF /* Products */;
			projectDirPath = "";
			projectRoot = "";
			targets = (
				236C781F191A5E29004B4FBF /* iosDic */,
				236C7840191A5E29004B4FBF /* iosDicTests */,
			);
		};
/* End PBXProject section */

/* Begin PBXResourcesBuildPhase section */
		236C781E191A5E29004B4FBF /* Resources */ = {
			isa = PBXResourcesBuildPhase;
			buildActionMask = 2147483647;
			files = (
				236C783C191A5E29004B4FBF /* Images.xcassets in Resources */,
				236C782E191A5E29004B4FBF /* InfoPlist.strings in Resources */,
				236C7837191A5E29004B4FBF /* Main.storyboard in Resources */,
			);
			runOnlyForDeploymentPostprocessing = 0;
		};
		236C783F191A5E29004B4FBF /* Resources */ = {
			isa = PBXResourcesBuildPhase;
			buildActionMask = 2147483647;
			files = (
				236C784D191A5E29004B4FBF /* InfoPlist.strings in Resources */,
			);
			runOnlyForDeploymentPostprocessing = 0;
		};
/* End PBXResourcesBuildPhase section */

/* Begin PBXSourcesBuildPhase section */
		236C781C191A5E29004B4FBF /* Sources */ = {
			isa = PBXSourcesBuildPhase;
			buildActionMask = 2147483647;
			files = (
				236C783A191A5E29004B4FBF /* ViewController.m in Sources */,
				236C7834191A5E29004B4FBF /* AppDelegate.m in Sources */,
				236C7830191A5E29004B4FBF /* main.m in Sources */,
			);
			runOnlyForDeploymentPostprocessing = 0;
		};
		236C783D191A5E29004B4FBF /* Sources */ = {
			isa = PBXSourcesBuildPhase;
			buildActionMask = 2147483647;
			files = (
				236C784F191A5E29004B4FBF /* iosDicTests.m in Sources */,
			);
			runOnlyForDeploymentPostprocessing = 0;
		};
/* End PBXSourcesBuildPhase section */

/* Begin PBXTargetDependency section */
		236C7847191A5E29004B4FBF /* PBXTargetDependency */ = {
			isa = PBXTargetDependency;
			target = 236C781F191A5E29004B4FBF /* iosDic */;
			targetProxy = 236C7846191A5E29004B4FBF /* PBXContainerItemProxy */;
		};
/* End PBXTargetDependency section */

/* Begin PBXVariantGroup section */
		236C782C191A5E29004B4FBF /* InfoPlist.strings */ = {
			isa = PBXVariantGroup;
			children = (
				236C782D191A5E29004B4FBF /* en */,
			);
			name = InfoPlist.strings;
			sourceTree = "<group>";
		};
		236C7835191A5E29004B4FBF /* Main.storyboard */ = {
			isa = PBXVariantGroup;
			children = (
				236C7836191A5E29004B4FBF /* Base */,
			);
			name = Main.storyboard;
			sourceTree = "<group>";
		};
		236C784B191A5E29004B4FBF /* InfoPlist.strings */ = {
			isa = PBXVariantGroup;
			children = (
				236C784C191A5E29004B4FBF /* en */,
			);
			name = InfoPlist.strings;
			sourceTree = "<group>";
		};
/* End PBXVariantGroup section */

/* Begin XCBuildConfiguration section */
		236C7850191A5E29004B4FBF /* Debug */ = {
			isa = XCBuildConfiguration;
			buildSettings = {
				ALWAYS_SEARCH_USER_PATHS = NO;
				CLANG_CXX_LANGUAGE_STANDARD = "gnu++0x";
				CLANG_CXX_LIBRARY = "libc++";
				CLANG_ENABLE_MODULES = YES;
				CLANG_ENABLE_OBJC_ARC = YES;
				CLANG_WARN_BOOL_CONVERSION = YES;
				CLANG_WARN_CONSTANT_CONVERSION = YES;
				CLANG_WARN_DIRECT_OBJC_ISA_USAGE = YES_ERROR;
				CLANG_WARN_EMPTY_BODY = YES;
				CLANG_WARN_ENUM_CONVERSION = YES;
				CLANG_WARN_INT_CONVERSION = YES;
				CLANG_WARN_OBJC_ROOT_CLASS = YES_ERROR;
				CLANG_WARN__DUPLICATE_METHOD_MATCH = YES;
				"CODE_SIGN_IDENTITY[sdk=iphoneos*]" = "iPhone Developer";
				COPY_PHASE_STRIP = NO;
				GCC_C_LANGUAGE_STANDARD = gnu99;
				GCC_DYNAMIC_NO_PIC = NO;
				GCC_OPTIMIZATION_LEVEL = 0;
				GCC_PREPROCESSOR_DEFINITIONS = (
					"DEBUG=1",
					"$(inherited)",
				);
				GCC_SYMBOLS_PRIVATE_EXTERN = NO;
				GCC_WARN_64_TO_32_BIT_CONVERSION = YES;
				GCC_WARN_ABOUT_RETURN_TYPE = YES_ERROR;
				GCC_WARN_UNDECLARED_SELECTOR = YES;
				GCC_WARN_UNINITIALIZED_AUTOS = YES_AGGRESSIVE;
				GCC_WARN_UNUSED_FUNCTION = YES;
				GCC_WARN_UNUSED_VARIABLE = YES;
				IPHONEOS_DEPLOYMENT_TARGET = 7.1;
				ONLY_ACTIVE_ARCH = YES;
				SDKROOT = iphoneos;
			};
			name = Debug;
		};
		236C7851191A5E29004B4FBF /* Release */ = {
			isa = XCBuildConfiguration;
			buildSettings = {
				ALWAYS_SEARCH_USER_PATHS = NO;
				CLANG_CXX_LANGUAGE_STANDARD = "gnu++0x";
				CLANG_CXX_LIBRARY = "libc++";
				CLANG_ENABLE_MODULES = YES;
				CLANG_ENABLE_OBJC_ARC = YES;
				CLANG_WARN_BOOL_CONVERSION = YES;
				CLANG_WARN_CONSTANT_CONVERSION = YES;
				CLANG_WARN_DIRECT_OBJC_ISA_USAGE = YES_ERROR;
				CLANG_WARN_EMPTY_BODY = YES;
				CLANG_WARN_ENUM_CONVERSION = YES;
				CLANG_WARN_INT_CONVERSION = YES;
				CLANG_WARN_OBJC_ROOT_CLASS = YES_ERROR;
				CLANG_WARN__DUPLICATE_METHOD_MATCH = YES;
				"CODE_SIGN_IDENTITY[sdk=iphoneos*]" = "iPhone Developer";
				COPY_PHASE_STRIP = YES;
				ENABLE_NS_ASSERTIONS = NO;
				GCC_C_LANGUAGE_STANDARD = gnu99;
				GCC_WARN_64_TO_32_BIT_CONVERSION = YES;
				GCC_WARN_ABOUT_RETURN_TYPE = YES_ERROR;
				GCC_WARN_UNDECLARED_SELECTOR = YES;
				GCC_WARN_UNINITIALIZED_AUTOS = YES_AGGRESSIVE;
				GCC_WARN_UNUSED_FUNCTION = YES;
				GCC_WARN_UNUSED_VARIABLE = YES;
				IPHONEOS_DEPLOYMENT_TARGET = 7.1;
				SDKROOT = iphoneos;
				VALIDATE_PRODUCT = YES;
			};
			name = Release;
		};
		236C7853191A5E29004B4FBF /* Debug */ = {
			isa = XCBuildConfiguration;
			buildSettings = {
				ASSETCATALOG_COMPILER_APPICON_NAME = AppIcon;
				ASSETCATALOG_COMPILER_LAUNCHIMAGE_NAME = LaunchImage;
				GCC_PRECOMPILE_PREFIX_HEADER = YES;
				GCC_PREFIX_HEADER = "iosDic/iosDic-Prefix.pch";
				INFOPLIST_FILE = "iosDic/iosDic-Info.plist";
				PRODUCT_NAME = "$(TARGET_NAME)";
				WRAPPER_EXTENSION = app;
			};
			name = Debug;
		};
		236C7854191A5E29004B4FBF /* Release */ = {
			isa = XCBuildConfiguration;
			buildSettings = {
				ASSETCATALOG_COMPILER_APPICON_NAME = AppIcon;
				ASSETCATALOG_COMPILER_LAUNCHIMAGE_NAME = LaunchImage;
				GCC_PRECOMPILE_PREFIX_HEADER = YES;
				GCC_PREFIX_HEADER = "iosDic/iosDic-Prefix.pch";
				INFOPLIST_FILE = "iosDic/iosDic-Info.plist";
				PRODUCT_NAME = "$(TARGET_NAME)";
				WRAPPER_EXTENSION = app;
			};
			name = Release;
		};
		236C7856191A5E29004B4FBF /* Debug */ = {
			isa = XCBuildConfiguration;
			buildSettings = {
				BUNDLE_LOADER = "$(BUILT_PRODUCTS_DIR)/iosDic.app/iosDic";
				FRAMEWORK_SEARCH_PATHS = (
					"$(SDKROOT)/Developer/Library/Frameworks",
					"$(inherited)",
					"$(DEVELOPER_FRAMEWORKS_DIR)",
				);
				GCC_PRECOMPILE_PREFIX_HEADER = YES;
				GCC_PREFIX_HEADER = "iosDic/iosDic-Prefix.pch";
				GCC_PREPROCESSOR_DEFINITIONS = (
					"DEBUG=1",
					"$(inherited)",
				);
				INFOPLIST_FILE = "iosDicTests/iosDicTests-Info.plist";
				PRODUCT_NAME = "$(TARGET_NAME)";
				TEST_HOST = "$(BUNDLE_LOADER)";
				WRAPPER_EXTENSION = xctest;
			};
			name = Debug;
		};
		236C7857191A5E29004B4FBF /* Release */ = {
			isa = XCBuildConfiguration;
			buildSettings = {
				BUNDLE_LOADER = "$(BUILT_PRODUCTS_DIR)/iosDic.app/iosDic";
				FRAMEWORK_SEARCH_PATHS = (
					"$(SDKROOT)/Developer/Library/Frameworks",
					"$(inherited)",
					"$(DEVELOPER_FRAMEWORKS_DIR)",
				);
				GCC_PRECOMPILE_PREFIX_HEADER = YES;
				GCC_PREFIX_HEADER = "iosDic/iosDic-Prefix.pch";
				INFOPLIST_FILE = "iosDicTests/iosDicTests-Info.plist";
				PRODUCT_NAME = "$(TARGET_NAME)";
				TEST_HOST = "$(BUNDLE_LOADER)";
				WRAPPER_EXTENSION = xctest;
			};
			name = Release;
		};
/* End XCBuildConfiguration section */

/* Begin XCConfigurationList section */
		236C781B191A5E29004B4FBF /* Build configuration list for PBXProject "iosDic" */ = {
			isa = XCConfigurationList;
			buildConfigurations = (
				236C7850191A5E29004B4FBF /* Debug */,
				236C7851191A5E29004B4FBF /* Release */,
			);
			defaultConfigurationIsVisible = 0;
			defaultConfigurationName = Release;
		};
		236C7852191A5E29004B4FBF /* Build configuration list for PBXNativeTarget "iosDic" */ = {
			isa = XCConfigurationList;
			buildConfigurations = (
				236C7853191A5E29004B4FBF /* Debug */,
				236C7854191A5E29004B4FBF /* Release */,
			);
			defaultConfigurationIsVisible = 0;
		};
		236C7855191A5E29004B4FBF /* Build configuration list for PBXNativeTarget "iosDicTests" */ = {
			isa = XCConfigurationList;
			buildConfigurations = (
				236C7856191A5E29004B4FBF /* Debug */,
				236C7857191A5E29004B4FBF /* Release */,
			);
			defaultConfigurationIsVisible = 0;
		};
/* End XCConfigurationList section */
	};
	rootObject = 236C7818191A5E29004B4FBF /* Project object */;
}
